# THIS IS AN AUTOGENERATED FILE. DO NOT EDIT THIS FILE DIRECTLY.
# yarn lockfile v1


ajv-errors@^1.0.0:
  version "1.0.0"
  resolved "http://registry.npm.taobao.org/ajv-errors/download/ajv-errors-1.0.0.tgz#ecf021fa108fd17dfb5e6b383f2dd233e31ffc59"

ajv-keywords@^3.1.0:
  version "3.2.0"
  resolved "http://registry.npm.taobao.org/ajv-keywords/download/ajv-keywords-3.2.0.tgz#e86b819c602cf8821ad637413698f1dec021847a"

ajv@^6.1.0:
  version "6.5.4"
  resolved "http://registry.npm.taobao.org/ajv/download/ajv-6.5.4.tgz#247d5274110db653706b550fcc2b797ca28cfc59"
  dependencies:
    fast-deep-equal "^2.0.1"
    fast-json-stable-stringify "^2.0.0"
    json-schema-traverse "^0.4.1"
    uri-js "^4.2.2"

big.js@^3.1.3:
  version "3.2.0"
  resolved "http://registry.npm.taobao.org/big.js/download/big.js-3.2.0.tgz#a5fc298b81b9e0dca2e458824784b65c52ba588e"

emojis-list@^2.0.0:
  version "2.1.0"
  resolved "http://registry.npm.taobao.org/emojis-list/download/emojis-list-2.1.0.tgz#4daa4d9db00f9819880c79fa457ae5b09a1fd389"

fast-deep-equal@^2.0.1:
  version "2.0.1"
  resolved "http://registry.npm.taobao.org/fast-deep-equal/download/fast-deep-equal-2.0.1.tgz#7b05218ddf9667bf7f370bf7fdb2cb15fdd0aa49"

fast-json-stable-stringify@^2.0.0:
  version "2.0.0"
  resolved "http://registry.npm.taobao.org/fast-json-stable-stringify/download/fast-json-stable-stringify-2.0.0.tgz#d5142c0caee6b1189f87d3a76111064f86c8bbf2"

file-loader@^2.0.0:
  version "2.0.0"
  resolved "http://registry.npm.taobao.org/file-loader/download/file-loader-2.0.0.tgz#39749c82f020b9e85901dcff98e8004e6401cfde"
  dependencies:
    loader-utils "^1.0.2"
    schema-utils "^1.0.0"

json-schema-traverse@^0.4.1:
  version "0.4.1"
  resolved "http://registry.npm.taobao.org/json-schema-traverse/download/json-schema-traverse-0.4.1.tgz#69f6a87d9513ab8bb8fe63bdb0979c448e684660"

json5@^0.5.0:
  version "0.5.1"
  resolved "http://registry.npm.taobao.org/json5/download/json5-0.5.1.tgz#1eade7acc012034ad84e2396767ead9fa5495821"

loader-utils@^1.0.2:
  version "1.1.0"
  resolved "http://registry.npm.taobao.org/loader-utils/download/loader-utils-1.1.0.tgz#c98aef488bcceda2ffb5e2de646d6a754429f5cd"
  dependencies:
    big.js "^3.1.3"
    emojis-list "^2.0.0"
    json5 "^0.5.0"

punycode@^2.1.0:
  version "2.1.1"
  resolved "http://registry.npm.taobao.org/punycode/download/punycode-2.1.1.tgz#b58b010ac40c22c5657616c8d2c2c02c7bf479ec"

schema-utils@^1.0.0:
  version "1.0.0"
  resolved "http://registry.npm.taobao.org/schema-utils/download/schema-utils-1.0.0.tgz#0b79a93204d7b600d4b2850d1f66c2a34951c770"
  dependencies:
    ajv "^6.1.0"
    ajv-errors "^1.0.0"
    ajv-keywords "^3.1.0"

uri-js@^4.2.2:
  version "4.2.2"
  resolved "http://registry.npm.taobao.org/uri-js/download/uri-js-4.2.2.tgz#94c540e1ff772956e2299507c010aea6c8838eb0"
  dependencies:
    punycode "^2.1.0"
